
Microsoft Visual Studio Solution File, Format Version 12.00
# Visual Studio Version 16
VisualStudioVersion = 16.0.31424.327
MinimumVisualStudioVersion = 10.0.40219.1
Project("{FAE04EC0-301F-11D3-BF4B-00C04F79EFBC}") = "week09_i0qbuw", "week09_i0qbuw\week09_i0qbuw.csproj", "{3144F411-E314-488C-97F7-B14088157D2B}"
EndProject
Global
	GlobalSection(SolutionConfigurationPlatforms) = preSolution
		Debug|Any CPU = Debug|Any CPU
		Release|Any CPU = Release|Any CPU
	EndGlobalSection
	GlobalSection(ProjectConfigurationPlatforms) = postSolution
		{3144F411-E314-488C-97F7-B14088157D2B}.Debug|Any CPU.ActiveCfg = Debug|Any CPU
		{3144F411-E314-488C-97F7-B14088157D2B}.Debug|Any CPU.Build.0 = Debug|Any CPU
		{3144F411-E314-488C-97F7-B14088157D2B}.Release|Any CPU.ActiveCfg = Release|Any CPU
		{3144F411-E314-488C-97F7-B14088157D2B}.Release|Any CPU.Build.0 = Release|Any CPU
	EndGlobalSection
	GlobalSection(SolutionProperties) = preSolution
		HideSolutionNode = FALSE
	EndGlobalSection
	GlobalSection(ExtensibilityGlobals) = postSolution
		SolutionGuid = {A14AE394-2A6F-4A24-BB5D-DB3734BDD18E}
	EndGlobalSection
EndGlobal
