
Microsoft Visual Studio Solution File, Format Version 12.00
# Visual Studio Version 16
VisualStudioVersion = 16.0.31424.327
MinimumVisualStudioVersion = 10.0.40219.1
Project("{FAE04EC0-301F-11D3-BF4B-00C04F79EFBC}") = "Week04_sol", "Week04_sol\Week04_sol.csproj", "{F14A0CA3-79E0-426C-9CAF-1BEF532DC536}"
EndProject
Global
	GlobalSection(SolutionConfigurationPlatforms) = preSolution
		Debug|Any CPU = Debug|Any CPU
		Release|Any CPU = Release|Any CPU
	EndGlobalSection
	GlobalSection(ProjectConfigurationPlatforms) = postSolution
		{F14A0CA3-79E0-426C-9CAF-1BEF532DC536}.Debug|Any CPU.ActiveCfg = Debug|Any CPU
		{F14A0CA3-79E0-426C-9CAF-1BEF532DC536}.Debug|Any CPU.Build.0 = Debug|Any CPU
		{F14A0CA3-79E0-426C-9CAF-1BEF532DC536}.Release|Any CPU.ActiveCfg = Release|Any CPU
		{F14A0CA3-79E0-426C-9CAF-1BEF532DC536}.Release|Any CPU.Build.0 = Release|Any CPU
	EndGlobalSection
	GlobalSection(SolutionProperties) = preSolution
		HideSolutionNode = FALSE
	EndGlobalSection
	GlobalSection(ExtensibilityGlobals) = postSolution
		SolutionGuid = {158B68EB-E298-4604-BD9A-5D8713D3AF6F}
	EndGlobalSection
EndGlobal
